Microsoft Visual Studio Solution File, Format Version 12.00
# Visual Studio Version 17
VisualStudioVersion = 17.5.2.0
MinimumVisualStudioVersion = 10.0.40219.1
Project("{FAE04EC0-301F-11D3-BF4B-00C04F79EFBC}") = "sk-mcp-playwright", "src\sk-mcp-playwright.csproj", "{D36302AE-4294-C3D8-14A8-D4A2D0FADA75}"
EndProject
Global
	GlobalSection(SolutionConfigurationPlatforms) = preSolution
		Debug|Any CPU = Debug|Any CPU
		Release|Any CPU = Release|Any CPU
	EndGlobalSection
	GlobalSection(ProjectConfigurationPlatforms) = postSolution
		{D36302AE-4294-C3D8-14A8-D4A2D0FADA75}.Debug|Any CPU.ActiveCfg = Debug|Any CPU
		{D36302AE-4294-C3D8-14A8-D4A2D0FADA75}.Debug|Any CPU.Build.0 = Debug|Any CPU
		{D36302AE-4294-C3D8-14A8-D4A2D0FADA75}.Release|Any CPU.ActiveCfg = Release|Any CPU
		{D36302AE-4294-C3D8-14A8-D4A2D0FADA75}.Release|Any CPU.Build.0 = Release|Any CPU
	EndGlobalSection
	GlobalSection(SolutionProperties) = preSolution
		HideSolutionNode = FALSE
	EndGlobalSection
	GlobalSection(ExtensibilityGlobals) = postSolution
		SolutionGuid = {54A82196-E1C1-4868-95E1-6B6D1C495BB5}
	EndGlobalSection
EndGlobal
